{
  "name": "orcaflow-studio",
  "version": "1.0.0",
  "lockfileVersion": 3,
  "requires": true,
  "packages": {
    "": {
      "name": "orcaflow-studio",
      "version": "1.0.0",
      "dependencies": {
        ...
      }
    },
    "node_modules/react": {
      ...
    },
    "node_modules/jspdf": {
      ...
    }
  }
}
